[[package]]
name = "chardet"
version = "4.0.0"
description = "Universal encoding detector for Python 2 and 3"
category = "main"
optional = false
python-versions = ">=2.7, !=3.0.*, !=3.1.*, !=3.2.*, !=3.3.*, !=3.4.*"

[[package]]
name = "docopt"
version = "0.6.2"
description = "Pythonic argument parser, that will make you smile"
category = "main"
optional = false
python-versions = "*"

[[package]]
name = "subtitle-parser"
version = "1.1.0"
description = "Parser for SRT and WebVTT subtitle files"
category = "main"
optional = false
python-versions = ">=3.7,<4"

[package.dependencies]
chardet = ">=4,<5"

[[package]]
name = "webvtt-py"
version = "0.4.6"
description = "WebVTT reader, writer and segmenter"
category = "main"
optional = false
python-versions = ">=3.4"

[package.dependencies]
docopt = "*"

[[package]]
name = "youtube-dl"
version = "2021.12.17"
description = "YouTube video downloader"
category = "main"
optional = false
python-versions = "*"

[metadata]
lock-version = "1.1"
python-versions = "^3.10"
content-hash = "e93ece90dcdea82403a1ece401f061133d1fb087aa487872ffcf336a8b16ce85"

[metadata.files]
chardet = [
    {file = "chardet-4.0.0-py2.py3-none-any.whl", hash = "sha256:f864054d66fd9118f2e67044ac8981a54775ec5b67aed0441892edb553d21da5"},
    {file = "chardet-4.0.0.tar.gz", hash = "sha256:0d6f53a15db4120f2b08c94f11e7d93d2c911ee118b6b30a04ec3ee8310179fa"},
]
docopt = [
    {file = "docopt-0.6.2.tar.gz", hash = "sha256:49b3a825280bd66b3aa83585ef59c4a8c82f2c8a522dbe754a8bc8d08c85c491"},
]
subtitle-parser = [
    {file = "subtitle-parser-1.1.0.tar.gz", hash = "sha256:8d44e212fb4992eeed3f5308f9b6e4d65b9ad2f59ebce93e383bfd3be6ca5857"},
    {file = "subtitle_parser-1.1.0-py3-none-any.whl", hash = "sha256:1849ffedbbb8201119e21f5bcf58b5ae3092a301947476c857e733d85ec990ba"},
]
webvtt-py = [
    {file = "webvtt_py-0.4.6-py3-none-any.whl", hash = "sha256:5cf9da2a8c34bc789db599377be87b228b7e4734c629597edd27a8054e004a57"},
]
youtube-dl = [
    {file = "youtube_dl-2021.12.17-py2.py3-none-any.whl", hash = "sha256:f1336d5de68647e0364a47b3c0712578e59ec76f02048ff5c50ef1c69d79cd55"},
    {file = "youtube_dl-2021.12.17.tar.gz", hash = "sha256:bc59e86c5d15d887ac590454511f08ce2c47698d5a82c27bfe27b5d814bbaed2"},
]
